
Microsoft Visual Studio Solution File, Format Version 12.00
Project("{FAE04EC0-301F-11D3-BF4B-00C04F79EFBC}") = "Blog.Api", "Blog.Api\Blog.Api.csproj", "{5DC86067-49D4-4180-9793-83A40E3F4233}"
EndProject
Project("{FAE04EC0-301F-11D3-BF4B-00C04F79EFBC}") = "Evrane.Core", "Evrane.Core\Evrane.Core.csproj", "{ED734800-3D40-4CFF-9E45-BA3C1391A8B3}"
EndProject
Project("{FAE04EC0-301F-11D3-BF4B-00C04F79EFBC}") = "Blog.Api.Test", "Blog.Api.Test\Blog.Api.Test.csproj", "{6E134CF8-EC4D-46FB-B31B-0AE6E9011D20}"
EndProject
Project("{FAE04EC0-301F-11D3-BF4B-00C04F79EFBC}") = "Blog.Admin", "Blog.Admin\Blog.Admin.csproj", "{33855829-5AD6-47B9-B4C4-9568643954AB}"
EndProject
Project("{FAE04EC0-301F-11D3-BF4B-00C04F79EFBC}") = "Blog.Domain", "Blog.Domain\Blog.Domain.csproj", "{8D0A78EA-CA16-4F6B-AF2A-0741A48CB9CE}"
EndProject
Project("{FAE04EC0-301F-11D3-BF4B-00C04F79EFBC}") = "Blog.Web", "Blog.Web\Blog.Web.csproj", "{C4E89C99-A697-4976-B5A3-8A82E555347E}"
EndProject
Project("{FAE04EC0-301F-11D3-BF4B-00C04F79EFBC}") = "Evrane.Profile", "Evrane.Profile\Evrane.Profile.csproj", "{3F3544ED-C35D-4DA7-A59C-126FC13A8B94}"
EndProject
Project("{FAE04EC0-301F-11D3-BF4B-00C04F79EFBC}") = "Evrane.Profile.Api", "Evrane.Profile.Api\Evrane.Profile.Api.csproj", "{76F7DECD-47D6-494E-B562-E6C9E4CAAA88}"
EndProject
Project("{FAE04EC0-301F-11D3-BF4B-00C04F79EFBC}") = "Evrane.Profile.Domain", "Evrane.Profile.Domain\Evrane.Profile.Domain.csproj", "{B1FA5CC4-CEB8-4407-B3C5-5CE69DAA6B09}"
EndProject
Global
	GlobalSection(SolutionConfigurationPlatforms) = preSolution
		Debug|Any CPU = Debug|Any CPU
		Release|Any CPU = Release|Any CPU
	EndGlobalSection
	GlobalSection(ProjectConfigurationPlatforms) = postSolution
		{5DC86067-49D4-4180-9793-83A40E3F4233}.Debug|Any CPU.ActiveCfg = Debug|Any CPU
		{5DC86067-49D4-4180-9793-83A40E3F4233}.Debug|Any CPU.Build.0 = Debug|Any CPU
		{5DC86067-49D4-4180-9793-83A40E3F4233}.Release|Any CPU.ActiveCfg = Release|Any CPU
		{5DC86067-49D4-4180-9793-83A40E3F4233}.Release|Any CPU.Build.0 = Release|Any CPU
		{ED734800-3D40-4CFF-9E45-BA3C1391A8B3}.Debug|Any CPU.ActiveCfg = Debug|Any CPU
		{ED734800-3D40-4CFF-9E45-BA3C1391A8B3}.Debug|Any CPU.Build.0 = Debug|Any CPU
		{ED734800-3D40-4CFF-9E45-BA3C1391A8B3}.Release|Any CPU.ActiveCfg = Release|Any CPU
		{ED734800-3D40-4CFF-9E45-BA3C1391A8B3}.Release|Any CPU.Build.0 = Release|Any CPU
		{6E134CF8-EC4D-46FB-B31B-0AE6E9011D20}.Debug|Any CPU.ActiveCfg = Debug|Any CPU
		{6E134CF8-EC4D-46FB-B31B-0AE6E9011D20}.Debug|Any CPU.Build.0 = Debug|Any CPU
		{6E134CF8-EC4D-46FB-B31B-0AE6E9011D20}.Release|Any CPU.ActiveCfg = Release|Any CPU
		{6E134CF8-EC4D-46FB-B31B-0AE6E9011D20}.Release|Any CPU.Build.0 = Release|Any CPU
		{33855829-5AD6-47B9-B4C4-9568643954AB}.Debug|Any CPU.ActiveCfg = Debug|Any CPU
		{33855829-5AD6-47B9-B4C4-9568643954AB}.Debug|Any CPU.Build.0 = Debug|Any CPU
		{33855829-5AD6-47B9-B4C4-9568643954AB}.Release|Any CPU.ActiveCfg = Release|Any CPU
		{33855829-5AD6-47B9-B4C4-9568643954AB}.Release|Any CPU.Build.0 = Release|Any CPU
		{8D0A78EA-CA16-4F6B-AF2A-0741A48CB9CE}.Debug|Any CPU.ActiveCfg = Debug|Any CPU
		{8D0A78EA-CA16-4F6B-AF2A-0741A48CB9CE}.Debug|Any CPU.Build.0 = Debug|Any CPU
		{8D0A78EA-CA16-4F6B-AF2A-0741A48CB9CE}.Release|Any CPU.ActiveCfg = Release|Any CPU
		{8D0A78EA-CA16-4F6B-AF2A-0741A48CB9CE}.Release|Any CPU.Build.0 = Release|Any CPU
		{C4E89C99-A697-4976-B5A3-8A82E555347E}.Debug|Any CPU.ActiveCfg = Debug|Any CPU
		{C4E89C99-A697-4976-B5A3-8A82E555347E}.Debug|Any CPU.Build.0 = Debug|Any CPU
		{C4E89C99-A697-4976-B5A3-8A82E555347E}.Release|Any CPU.ActiveCfg = Release|Any CPU
		{C4E89C99-A697-4976-B5A3-8A82E555347E}.Release|Any CPU.Build.0 = Release|Any CPU
		{3F3544ED-C35D-4DA7-A59C-126FC13A8B94}.Debug|Any CPU.ActiveCfg = Debug|Any CPU
		{3F3544ED-C35D-4DA7-A59C-126FC13A8B94}.Debug|Any CPU.Build.0 = Debug|Any CPU
		{3F3544ED-C35D-4DA7-A59C-126FC13A8B94}.Release|Any CPU.ActiveCfg = Release|Any CPU
		{3F3544ED-C35D-4DA7-A59C-126FC13A8B94}.Release|Any CPU.Build.0 = Release|Any CPU
		{76F7DECD-47D6-494E-B562-E6C9E4CAAA88}.Debug|Any CPU.ActiveCfg = Debug|Any CPU
		{76F7DECD-47D6-494E-B562-E6C9E4CAAA88}.Debug|Any CPU.Build.0 = Debug|Any CPU
		{76F7DECD-47D6-494E-B562-E6C9E4CAAA88}.Release|Any CPU.ActiveCfg = Release|Any CPU
		{76F7DECD-47D6-494E-B562-E6C9E4CAAA88}.Release|Any CPU.Build.0 = Release|Any CPU
		{B1FA5CC4-CEB8-4407-B3C5-5CE69DAA6B09}.Debug|Any CPU.ActiveCfg = Debug|Any CPU
		{B1FA5CC4-CEB8-4407-B3C5-5CE69DAA6B09}.Debug|Any CPU.Build.0 = Debug|Any CPU
		{B1FA5CC4-CEB8-4407-B3C5-5CE69DAA6B09}.Release|Any CPU.ActiveCfg = Release|Any CPU
		{B1FA5CC4-CEB8-4407-B3C5-5CE69DAA6B09}.Release|Any CPU.Build.0 = Release|Any CPU
	EndGlobalSection
EndGlobal
